// !$*UTF8*$!
{
	archiveVersion = 1;
	classes = {
	};
	objectVersion = 56;
	objects = {

/* Begin PBXBuildFile section */
		F8F339102CFB14CB00290551 /* AppDelegate.m in Sources */ = {isa = PBXBuildFile; fileRef = F8F3390F2CFB14CB00290551 /* AppDelegate.m */; };
		F8F339132CFB14CB00290551 /* SceneDelegate.m in Sources */ = {isa = PBXBuildFile; fileRef = F8F339122CFB14CB00290551 /* SceneDelegate.m */; };
		F8F339162CFB14CB00290551 /* ViewController.m in Sources */ = {isa = PBXBuildFile; fileRef = F8F339152CFB14CB00290551 /* ViewController.m */; };
		F8F339192CFB14CB00290551 /* Base in Resources */ = {isa = PBXBuildFile; fileRef = F8F339182CFB14CB00290551 /* Base */; };
		F8F3391B2CFB14CC00290551 /* Assets.xcassets in Resources */ = {isa = PBXBuildFile; fileRef = F8F3391A2CFB14CC00290551 /* Assets.xcassets */; };
		F8F3391E2CFB14CC00290551 /* Base in Resources */ = {isa = PBXBuildFile; fileRef = F8F3391D2CFB14CC00290551 /* Base */; };
		F8F339212CFB14CC00290551 /* main.m in Sources */ = {isa = PBXBuildFile; fileRef = F8F339202CFB14CC00290551 /* main.m */; };
		F8F3392B2CFB14CC00290551 /* AppenureTests.m in Sources */ = {isa = PBXBuildFile; fileRef = F8F3392A2CFB14CC00290551 /* AppenureTests.m */; };
		F8F339352CFB14CC00290551 /* AppenureUITests.m in Sources */ = {isa = PBXBuildFile; fileRef = F8F339342CFB14CC00290551 /* AppenureUITests.m */; };
		F8F339372CFB14CC00290551 /* AppenureUITestsLaunchTests.m in Sources */ = {isa = PBXBuildFile; fileRef = F8F339362CFB14CC00290551 /* AppenureUITestsLaunchTests.m */; };
		F8F3394B2CFB2CDE00290551 /* ChildCollectionViewCell.xib in Resources */ = {isa = PBXBuildFile; fileRef = F8F3394A2CFB2CDE00290551 /* ChildCollectionViewCell.xib */; };
		F8F3394C2CFB2CDE00290551 /* ChildCollectionViewCell.m in Sources */ = {isa = PBXBuildFile; fileRef = F8F339492CFB2CDE00290551 /* ChildCollectionViewCell.m */; };
		F8F3394F2CFB356400290551 /* ChildViewController.xib in Resources */ = {isa = PBXBuildFile; fileRef = F8F3394E2CFB356400290551 /* ChildViewController.xib */; };
		F8F339502CFB356400290551 /* ChildViewController.swift in Sources */ = {isa = PBXBuildFile; fileRef = F8F3394D2CFB356400290551 /* ChildViewController.swift */; };
		F8F339552CFB38C100290551 /* FormView.xib in Resources */ = {isa = PBXBuildFile; fileRef = F8F339542CFB38C100290551 /* FormView.xib */; };
		F8F3395A2CFB39D500290551 /* FormView.m in Sources */ = {isa = PBXBuildFile; fileRef = F8F339592CFB39D500290551 /* FormView.m */; };
/* End PBXBuildFile section */

/* Begin PBXContainerItemProxy section */
		F8F339272CFB14CC00290551 /* PBXContainerItemProxy */ = {
			isa = PBXContainerItemProxy;
			containerPortal = F8F339032CFB14CB00290551 /* Project object */;
			proxyType = 1;
			remoteGlobalIDString = F8F3390A2CFB14CB00290551;
			remoteInfo = Appenure;
		};
		F8F339312CFB14CC00290551 /* PBXContainerItemProxy */ = {
			isa = PBXContainerItemProxy;
			containerPortal = F8F339032CFB14CB00290551 /* Project object */;
			proxyType = 1;
			remoteGlobalIDString = F8F3390A2CFB14CB00290551;
			remoteInfo = Appenure;
		};
/* End PBXContainerItemProxy section */

/* Begin PBXFileReference section */
		F8F3390B2CFB14CB00290551 /* Appenure.app */ = {isa = PBXFileReference; explicitFileType = wrapper.application; includeInIndex = 0; path = Appenure.app; sourceTree = BUILT_PRODUCTS_DIR; };
		F8F3390E2CFB14CB00290551 /* AppDelegate.h */ = {isa = PBXFileReference; lastKnownFileType = sourcecode.c.h; path = AppDelegate.h; sourceTree = "<group>"; };
		F8F3390F2CFB14CB00290551 /* AppDelegate.m */ = {isa = PBXFileReference; lastKnownFileType = sourcecode.c.objc; path = AppDelegate.m; sourceTree = "<group>"; };
		F8F339112CFB14CB00290551 /* SceneDelegate.h */ = {isa = PBXFileReference; lastKnownFileType = sourcecode.c.h; path = SceneDelegate.h; sourceTree = "<group>"; };
		F8F339122CFB14CB00290551 /* SceneDelegate.m */ = {isa = PBXFileReference; lastKnownFileType = sourcecode.c.objc; path = SceneDelegate.m; sourceTree = "<group>"; };
		F8F339142CFB14CB00290551 /* ViewController.h */ = {isa = PBXFileReference; lastKnownFileType = sourcecode.c.h; path = ViewController.h; sourceTree = "<group>"; };
		F8F339152CFB14CB00290551 /* ViewController.m */ = {isa = PBXFileReference; lastKnownFileType = sourcecode.c.objc; path = ViewController.m; sourceTree = "<group>"; };
		F8F339182CFB14CB00290551 /* Base */ = {isa = PBXFileReference; lastKnownFileType = file.storyboard; name = Base; path = Base.lproj/Main.storyboard; sourceTree = "<group>"; };
		F8F3391A2CFB14CC00290551 /* Assets.xcassets */ = {isa = PBXFileReference; lastKnownFileType = folder.assetcatalog; path = Assets.xcassets; sourceTree = "<group>"; };
		F8F3391D2CFB14CC00290551 /* Base */ = {isa = PBXFileReference; lastKnownFileType = file.storyboard; name = Base; path = Base.lproj/LaunchScreen.storyboard; sourceTree = "<group>"; };
		F8F3391F2CFB14CC00290551 /* Info.plist */ = {isa = PBXFileReference; lastKnownFileType = text.plist.xml; path = Info.plist; sourceTree = "<group>"; };
		F8F339202CFB14CC00290551 /* main.m */ = {isa = PBXFileReference; lastKnownFileType = sourcecode.c.objc; path = main.m; sourceTree = "<group>"; };
		F8F339262CFB14CC00290551 /* AppenureTests.xctest */ = {isa = PBXFileReference; explicitFileType = wrapper.cfbundle; includeInIndex = 0; path = AppenureTests.xctest; sourceTree = BUILT_PRODUCTS_DIR; };
		F8F3392A2CFB14CC00290551 /* AppenureTests.m */ = {isa = PBXFileReference; lastKnownFileType = sourcecode.c.objc; path = AppenureTests.m; sourceTree = "<group>"; };
		F8F339302CFB14CC00290551 /* AppenureUITests.xctest */ = {isa = PBXFileReference; explicitFileType = wrapper.cfbundle; includeInIndex = 0; path = AppenureUITests.xctest; sourceTree = BUILT_PRODUCTS_DIR; };
		F8F339342CFB14CC00290551 /* AppenureUITests.m */ = {isa = PBXFileReference; lastKnownFileType = sourcecode.c.objc; path = AppenureUITests.m; sourceTree = "<group>"; };
		F8F339362CFB14CC00290551 /* AppenureUITestsLaunchTests.m */ = {isa = PBXFileReference; lastKnownFileType = sourcecode.c.objc; path = AppenureUITestsLaunchTests.m; sourceTree = "<group>"; };
		F8F339432CFB15CB00290551 /* Appenure-Bridging-Header.h */ = {isa = PBXFileReference; lastKnownFileType = sourcecode.c.h; path = "Appenure-Bridging-Header.h"; sourceTree = "<group>"; };
		F8F339482CFB2CDE00290551 /* ChildCollectionViewCell.h */ = {isa = PBXFileReference; lastKnownFileType = sourcecode.c.h; path = ChildCollectionViewCell.h; sourceTree = "<group>"; };
		F8F339492CFB2CDE00290551 /* ChildCollectionViewCell.m */ = {isa = PBXFileReference; lastKnownFileType = sourcecode.c.objc; path = ChildCollectionViewCell.m; sourceTree = "<group>"; };
		F8F3394A2CFB2CDE00290551 /* ChildCollectionViewCell.xib */ = {isa = PBXFileReference; lastKnownFileType = file.xib; path = ChildCollectionViewCell.xib; sourceTree = "<group>"; };
		F8F3394D2CFB356400290551 /* ChildViewController.swift */ = {isa = PBXFileReference; lastKnownFileType = sourcecode.swift; path = ChildViewController.swift; sourceTree = "<group>"; };
		F8F3394E2CFB356400290551 /* ChildViewController.xib */ = {isa = PBXFileReference; lastKnownFileType = file.xib; path = ChildViewController.xib; sourceTree = "<group>"; };
		F8F339542CFB38C100290551 /* FormView.xib */ = {isa = PBXFileReference; lastKnownFileType = file.xib; path = FormView.xib; sourceTree = "<group>"; };
		F8F339582CFB39D500290551 /* FormView.h */ = {isa = PBXFileReference; lastKnownFileType = sourcecode.c.h; path = FormView.h; sourceTree = "<group>"; };
		F8F339592CFB39D500290551 /* FormView.m */ = {isa = PBXFileReference; lastKnownFileType = sourcecode.c.objc; path = FormView.m; sourceTree = "<group>"; };
/* End PBXFileReference section */

/* Begin PBXFrameworksBuildPhase section */
		F8F339082CFB14CB00290551 /* Frameworks */ = {
			isa = PBXFrameworksBuildPhase;
			buildActionMask = 2147483647;
			files = (
			);
			runOnlyForDeploymentPostprocessing = 0;
		};
		F8F339232CFB14CC00290551 /* Frameworks */ = {
			isa = PBXFrameworksBuildPhase;
			buildActionMask = 2147483647;
			files = (
			);
			runOnlyForDeploymentPostprocessing = 0;
		};
		F8F3392D2CFB14CC00290551 /* Frameworks */ = {
			isa = PBXFrameworksBuildPhase;
			buildActionMask = 2147483647;
			files = (
			);
			runOnlyForDeploymentPostprocessing = 0;
		};
/* End PBXFrameworksBuildPhase section */

/* Begin PBXGroup section */
		F8F339022CFB14CB00290551 = {
			isa = PBXGroup;
			children = (
				F8F3390D2CFB14CB00290551 /* Appenure */,
				F8F339292CFB14CC00290551 /* AppenureTests */,
				F8F339332CFB14CC00290551 /* AppenureUITests */,
				F8F3390C2CFB14CB00290551 /* Products */,
			);
			sourceTree = "<group>";
		};
		F8F3390C2CFB14CB00290551 /* Products */ = {
			isa = PBXGroup;
			children = (
				F8F3390B2CFB14CB00290551 /* Appenure.app */,
				F8F339262CFB14CC00290551 /* AppenureTests.xctest */,
				F8F339302CFB14CC00290551 /* AppenureUITests.xctest */,
			);
			name = Products;
			sourceTree = "<group>";
		};
		F8F3390D2CFB14CB00290551 /* Appenure */ = {
			isa = PBXGroup;
			children = (
				F8F3390E2CFB14CB00290551 /* AppDelegate.h */,
				F8F3390F2CFB14CB00290551 /* AppDelegate.m */,
				F8F339112CFB14CB00290551 /* SceneDelegate.h */,
				F8F339122CFB14CB00290551 /* SceneDelegate.m */,
				F8F339142CFB14CB00290551 /* ViewController.h */,
				F8F339152CFB14CB00290551 /* ViewController.m */,
				F8F339172CFB14CB00290551 /* Main.storyboard */,
				F8F3391A2CFB14CC00290551 /* Assets.xcassets */,
				F8F3391C2CFB14CC00290551 /* LaunchScreen.storyboard */,
				F8F3391F2CFB14CC00290551 /* Info.plist */,
				F8F339202CFB14CC00290551 /* main.m */,
				F8F339432CFB15CB00290551 /* Appenure-Bridging-Header.h */,
				F8F339532CFB38AD00290551 /* FormView */,
				F8F339522CFB387300290551 /* TitleCell */,
				F8F339512CFB384D00290551 /* DetailPage */,
			);
			path = Appenure;
			sourceTree = "<group>";
		};
		F8F339292CFB14CC00290551 /* AppenureTests */ = {
			isa = PBXGroup;
			children = (
				F8F3392A2CFB14CC00290551 /* AppenureTests.m */,
			);
			path = AppenureTests;
			sourceTree = "<group>";
		};
		F8F339332CFB14CC00290551 /* AppenureUITests */ = {
			isa = PBXGroup;
			children = (
				F8F339342CFB14CC00290551 /* AppenureUITests.m */,
				F8F339362CFB14CC00290551 /* AppenureUITestsLaunchTests.m */,
			);
			path = AppenureUITests;
			sourceTree = "<group>";
		};
		F8F339512CFB384D00290551 /* DetailPage */ = {
			isa = PBXGroup;
			children = (
				F8F3394D2CFB356400290551 /* ChildViewController.swift */,
				F8F3394E2CFB356400290551 /* ChildViewController.xib */,
			);
			path = DetailPage;
			sourceTree = "<group>";
		};
		F8F339522CFB387300290551 /* TitleCell */ = {
			isa = PBXGroup;
			children = (
				F8F339482CFB2CDE00290551 /* ChildCollectionViewCell.h */,
				F8F339492CFB2CDE00290551 /* ChildCollectionViewCell.m */,
				F8F3394A2CFB2CDE00290551 /* ChildCollectionViewCell.xib */,
			);
			path = TitleCell;
			sourceTree = "<group>";
		};
		F8F339532CFB38AD00290551 /* FormView */ = {
			isa = PBXGroup;
			children = (
				F8F339542CFB38C100290551 /* FormView.xib */,
				F8F339582CFB39D500290551 /* FormView.h */,
				F8F339592CFB39D500290551 /* FormView.m */,
			);
			path = FormView;
			sourceTree = "<group>";
		};
/* End PBXGroup section */

/* Begin PBXNativeTarget section */
		F8F3390A2CFB14CB00290551 /* Appenure */ = {
			isa = PBXNativeTarget;
			buildConfigurationList = F8F3393A2CFB14CC00290551 /* Build configuration list for PBXNativeTarget "Appenure" */;
			buildPhases = (
				F8F339072CFB14CB00290551 /* Sources */,
				F8F339082CFB14CB00290551 /* Frameworks */,
				F8F339092CFB14CB00290551 /* Resources */,
			);
			buildRules = (
			);
			dependencies = (
			);
			name = Appenure;
			productName = Appenure;
			productReference = F8F3390B2CFB14CB00290551 /* Appenure.app */;
			productType = "com.apple.product-type.application";
		};
		F8F339252CFB14CC00290551 /* AppenureTests */ = {
			isa = PBXNativeTarget;
			buildConfigurationList = F8F3393D2CFB14CC00290551 /* Build configuration list for PBXNativeTarget "AppenureTests" */;
			buildPhases = (
				F8F339222CFB14CC00290551 /* Sources */,
				F8F339232CFB14CC00290551 /* Frameworks */,
				F8F339242CFB14CC00290551 /* Resources */,
			);
			buildRules = (
			);
			dependencies = (
				F8F339282CFB14CC00290551 /* PBXTargetDependency */,
			);
			name = AppenureTests;
			productName = AppenureTests;
			productReference = F8F339262CFB14CC00290551 /* AppenureTests.xctest */;
			productType = "com.apple.product-type.bundle.unit-test";
		};
		F8F3392F2CFB14CC00290551 /* AppenureUITests */ = {
			isa = PBXNativeTarget;
			buildConfigurationList = F8F339402CFB14CC00290551 /* Build configuration list for PBXNativeTarget "AppenureUITests" */;
			buildPhases = (
				F8F3392C2CFB14CC00290551 /* Sources */,
				F8F3392D2CFB14CC00290551 /* Frameworks */,
				F8F3392E2CFB14CC00290551 /* Resources */,
			);
			buildRules = (
			);
			dependencies = (
				F8F339322CFB14CC00290551 /* PBXTargetDependency */,
			);
			name = AppenureUITests;
			productName = AppenureUITests;
			productReference = F8F339302CFB14CC00290551 /* AppenureUITests.xctest */;
			productType = "com.apple.product-type.bundle.ui-testing";
		};
/* End PBXNativeTarget section */

/* Begin PBXProject section */
		F8F339032CFB14CB00290551 /* Project object */ = {
			isa = PBXProject;
			attributes = {
				BuildIndependentTargetsInParallel = 1;
				LastUpgradeCheck = 1540;
				TargetAttributes = {
					F8F3390A2CFB14CB00290551 = {
						CreatedOnToolsVersion = 15.4;
						LastSwiftMigration = 1540;
					};
					F8F339252CFB14CC00290551 = {
						CreatedOnToolsVersion = 15.4;
						TestTargetID = F8F3390A2CFB14CB00290551;
					};
					F8F3392F2CFB14CC00290551 = {
						CreatedOnToolsVersion = 15.4;
						TestTargetID = F8F3390A2CFB14CB00290551;
					};
				};
			};
			buildConfigurationList = F8F339062CFB14CB00290551 /* Build configuration list for PBXProject "Appenure" */;
			compatibilityVersion = "Xcode 14.0";
			developmentRegion = en;
			hasScannedForEncodings = 0;
			knownRegions = (
				en,
				Base,
			);
			mainGroup = F8F339022CFB14CB00290551;
			productRefGroup = F8F3390C2CFB14CB00290551 /* Products */;
			projectDirPath = "";
			projectRoot = "";
			targets = (
				F8F3390A2CFB14CB00290551 /* Appenure */,
				F8F339252CFB14CC00290551 /* AppenureTests */,
				F8F3392F2CFB14CC00290551 /* AppenureUITests */,
			);
		};
/* End PBXProject section */

/* Begin PBXResourcesBuildPhase section */
		F8F339092CFB14CB00290551 /* Resources */ = {
			isa = PBXResourcesBuildPhase;
			buildActionMask = 2147483647;
			files = (
				F8F3394B2CFB2CDE00290551 /* ChildCollectionViewCell.xib in Resources */,
				F8F3391B2CFB14CC00290551 /* Assets.xcassets in Resources */,
				F8F3391E2CFB14CC00290551 /* Base in Resources */,
				F8F3394F2CFB356400290551 /* ChildViewController.xib in Resources */,
				F8F339552CFB38C100290551 /* FormView.xib in Resources */,
				F8F339192CFB14CB00290551 /* Base in Resources */,
			);
			runOnlyForDeploymentPostprocessing = 0;
		};
		F8F339242CFB14CC00290551 /* Resources */ = {
			isa = PBXResourcesBuildPhase;
			buildActionMask = 2147483647;
			files = (
			);
			runOnlyForDeploymentPostprocessing = 0;
		};
		F8F3392E2CFB14CC00290551 /* Resources */ = {
			isa = PBXResourcesBuildPhase;
			buildActionMask = 2147483647;
			files = (
			);
			runOnlyForDeploymentPostprocessing = 0;
		};
/* End PBXResourcesBuildPhase section */

/* Begin PBXSourcesBuildPhase section */
		F8F339072CFB14CB00290551 /* Sources */ = {
			isa = PBXSourcesBuildPhase;
			buildActionMask = 2147483647;
			files = (
				F8F339162CFB14CB00290551 /* ViewController.m in Sources */,
				F8F3394C2CFB2CDE00290551 /* ChildCollectionViewCell.m in Sources */,
				F8F3395A2CFB39D500290551 /* FormView.m in Sources */,
				F8F339102CFB14CB00290551 /* AppDelegate.m in Sources */,
				F8F339212CFB14CC00290551 /* main.m in Sources */,
				F8F339132CFB14CB00290551 /* SceneDelegate.m in Sources */,
				F8F339502CFB356400290551 /* ChildViewController.swift in Sources */,
			);
			runOnlyForDeploymentPostprocessing = 0;
		};
		F8F339222CFB14CC00290551 /* Sources */ = {
			isa = PBXSourcesBuildPhase;
			buildActionMask = 2147483647;
			files = (
				F8F3392B2CFB14CC00290551 /* AppenureTests.m in Sources */,
			);
			runOnlyForDeploymentPostprocessing = 0;
		};
		F8F3392C2CFB14CC00290551 /* Sources */ = {
			isa = PBXSourcesBuildPhase;
			buildActionMask = 2147483647;
			files = (
				F8F339372CFB14CC00290551 /* AppenureUITestsLaunchTests.m in Sources */,
				F8F339352CFB14CC00290551 /* AppenureUITests.m in Sources */,
			);
			runOnlyForDeploymentPostprocessing = 0;
		};
/* End PBXSourcesBuildPhase section */

/* Begin PBXTargetDependency section */
		F8F339282CFB14CC00290551 /* PBXTargetDependency */ = {
			isa = PBXTargetDependency;
			target = F8F3390A2CFB14CB00290551 /* Appenure */;
			targetProxy = F8F339272CFB14CC00290551 /* PBXContainerItemProxy */;
		};
		F8F339322CFB14CC00290551 /* PBXTargetDependency */ = {
			isa = PBXTargetDependency;
			target = F8F3390A2CFB14CB00290551 /* Appenure */;
			targetProxy = F8F339312CFB14CC00290551 /* PBXContainerItemProxy */;
		};
/* End PBXTargetDependency section */

/* Begin PBXVariantGroup section */
		F8F339172CFB14CB00290551 /* Main.storyboard */ = {
			isa = PBXVariantGroup;
			children = (
				F8F339182CFB14CB00290551 /* Base */,
			);
			name = Main.storyboard;
			sourceTree = "<group>";
		};
		F8F3391C2CFB14CC00290551 /* LaunchScreen.storyboard */ = {
			isa = PBXVariantGroup;
			children = (
				F8F3391D2CFB14CC00290551 /* Base */,
			);
			name = LaunchScreen.storyboard;
			sourceTree = "<group>";
		};
/* End PBXVariantGroup section */

/* Begin XCBuildConfiguration section */
		F8F339382CFB14CC00290551 /* Debug */ = {
			isa = XCBuildConfiguration;
			buildSettings = {
				ALWAYS_SEARCH_USER_PATHS = NO;
				ASSETCATALOG_COMPILER_GENERATE_SWIFT_ASSET_SYMBOL_EXTENSIONS = YES;
				CLANG_ANALYZER_NONNULL = YES;
				CLANG_ANALYZER_NUMBER_OBJECT_CONVERSION = YES_AGGRESSIVE;
				CLANG_CXX_LANGUAGE_STANDARD = "gnu++20";
				CLANG_ENABLE_MODULES = YES;
				CLANG_ENABLE_OBJC_ARC = YES;
				CLANG_ENABLE_OBJC_WEAK = YES;
				CLANG_WARN_BLOCK_CAPTURE_AUTORELEASING = YES;
				CLANG_WARN_BOOL_CONVERSION = YES;
				CLANG_WARN_COMMA = YES;
				CLANG_WARN_CONSTANT_CONVERSION = YES;
				CLANG_WARN_DEPRECATED_OBJC_IMPLEMENTATIONS = YES;
				CLANG_WARN_DIRECT_OBJC_ISA_USAGE = YES_ERROR;
				CLANG_WARN_DOCUMENTATION_COMMENTS = YES;
				CLANG_WARN_EMPTY_BODY = YES;
				CLANG_WARN_ENUM_CONVERSION = YES;
				CLANG_WARN_INFINITE_RECURSION = YES;
				CLANG_WARN_INT_CONVERSION = YES;
				CLANG_WARN_NON_LITERAL_NULL_CONVERSION = YES;
				CLANG_WARN_OBJC_IMPLICIT_RETAIN_SELF = YES;
				CLANG_WARN_OBJC_LITERAL_CONVERSION = YES;
				CLANG_WARN_OBJC_ROOT_CLASS = YES_ERROR;
				CLANG_WARN_QUOTED_INCLUDE_IN_FRAMEWORK_HEADER = YES;
				CLANG_WARN_RANGE_LOOP_ANALYSIS = YES;
				CLANG_WARN_STRICT_PROTOTYPES = YES;
				CLANG_WARN_SUSPICIOUS_MOVE = YES;
				CLANG_WARN_UNGUARDED_AVAILABILITY = YES_AGGRESSIVE;
				CLANG_WARN_UNREACHABLE_CODE = YES;
				CLANG_WARN__DUPLICATE_METHOD_MATCH = YES;
				COPY_PHASE_STRIP = NO;
				DEBUG_INFORMATION_FORMAT = dwarf;
				ENABLE_STRICT_OBJC_MSGSEND = YES;
				ENABLE_TESTABILITY = YES;
				ENABLE_USER_SCRIPT_SANDBOXING = YES;
				GCC_C_LANGUAGE_STANDARD = gnu17;
				GCC_DYNAMIC_NO_PIC = NO;
				GCC_NO_COMMON_BLOCKS = YES;
				GCC_OPTIMIZATION_LEVEL = 0;
				GCC_PREPROCESSOR_DEFINITIONS = (
					"DEBUG=1",
					"$(inherited)",
				);
				GCC_WARN_64_TO_32_BIT_CONVERSION = YES;
				GCC_WARN_ABOUT_RETURN_TYPE = YES_ERROR;
				GCC_WARN_UNDECLARED_SELECTOR = YES;
				GCC_WARN_UNINITIALIZED_AUTOS = YES_AGGRESSIVE;
				GCC_WARN_UNUSED_FUNCTION = YES;
				GCC_WARN_UNUSED_VARIABLE = YES;
				IPHONEOS_DEPLOYMENT_TARGET = 17.5;
				LOCALIZATION_PREFERS_STRING_CATALOGS = YES;
				MTL_ENABLE_DEBUG_INFO = INCLUDE_SOURCE;
				MTL_FAST_MATH = YES;
				ONLY_ACTIVE_ARCH = YES;
				SDKROOT = iphoneos;
			};
			name = Debug;
		};
		F8F339392CFB14CC00290551 /* Release */ = {
			isa = XCBuildConfiguration;
			buildSettings = {
				ALWAYS_SEARCH_USER_PATHS = NO;
				ASSETCATALOG_COMPILER_GENERATE_SWIFT_ASSET_SYMBOL_EXTENSIONS = YES;
				CLANG_ANALYZER_NONNULL = YES;
				CLANG_ANALYZER_NUMBER_OBJECT_CONVERSION = YES_AGGRESSIVE;
				CLANG_CXX_LANGUAGE_STANDARD = "gnu++20";
				CLANG_ENABLE_MODULES = YES;
				CLANG_ENABLE_OBJC_ARC = YES;
				CLANG_ENABLE_OBJC_WEAK = YES;
				CLANG_WARN_BLOCK_CAPTURE_AUTORELEASING = YES;
				CLANG_WARN_BOOL_CONVERSION = YES;
				CLANG_WARN_COMMA = YES;
				CLANG_WARN_CONSTANT_CONVERSION = YES;
				CLANG_WARN_DEPRECATED_OBJC_IMPLEMENTATIONS = YES;
				CLANG_WARN_DIRECT_OBJC_ISA_USAGE = YES_ERROR;
				CLANG_WARN_DOCUMENTATION_COMMENTS = YES;
				CLANG_WARN_EMPTY_BODY = YES;
				CLANG_WARN_ENUM_CONVERSION = YES;
				CLANG_WARN_INFINITE_RECURSION = YES;
				CLANG_WARN_INT_CONVERSION = YES;
				CLANG_WARN_NON_LITERAL_NULL_CONVERSION = YES;
				CLANG_WARN_OBJC_IMPLICIT_RETAIN_SELF = YES;
				CLANG_WARN_OBJC_LITERAL_CONVERSION = YES;
				CLANG_WARN_OBJC_ROOT_CLASS = YES_ERROR;
				CLANG_WARN_QUOTED_INCLUDE_IN_FRAMEWORK_HEADER = YES;
				CLANG_WARN_RANGE_LOOP_ANALYSIS = YES;
				CLANG_WARN_STRICT_PROTOTYPES = YES;
				CLANG_WARN_SUSPICIOUS_MOVE = YES;
				CLANG_WARN_UNGUARDED_AVAILABILITY = YES_AGGRESSIVE;
				CLANG_WARN_UNREACHABLE_CODE = YES;
				CLANG_WARN__DUPLICATE_METHOD_MATCH = YES;
				COPY_PHASE_STRIP = NO;
				DEBUG_INFORMATION_FORMAT = "dwarf-with-dsym";
				ENABLE_NS_ASSERTIONS = NO;
				ENABLE_STRICT_OBJC_MSGSEND = YES;
				ENABLE_USER_SCRIPT_SANDBOXING = YES;
				GCC_C_LANGUAGE_STANDARD = gnu17;
				GCC_NO_COMMON_BLOCKS = YES;
				GCC_WARN_64_TO_32_BIT_CONVERSION = YES;
				GCC_WARN_ABOUT_RETURN_TYPE = YES_ERROR;
				GCC_WARN_UNDECLARED_SELECTOR = YES;
				GCC_WARN_UNINITIALIZED_AUTOS = YES_AGGRESSIVE;
				GCC_WARN_UNUSED_FUNCTION = YES;
				GCC_WARN_UNUSED_VARIABLE = YES;
				IPHONEOS_DEPLOYMENT_TARGET = 17.5;
				LOCALIZATION_PREFERS_STRING_CATALOGS = YES;
				MTL_ENABLE_DEBUG_INFO = NO;
				MTL_FAST_MATH = YES;
				SDKROOT = iphoneos;
				VALIDATE_PRODUCT = YES;
			};
			name = Release;
		};
		F8F3393B2CFB14CC00290551 /* Debug */ = {
			isa = XCBuildConfiguration;
			buildSettings = {
				ASSETCATALOG_COMPILER_APPICON_NAME = AppIcon;
				ASSETCATALOG_COMPILER_GLOBAL_ACCENT_COLOR_NAME = AccentColor;
				CLANG_ENABLE_MODULES = YES;
				CODE_SIGN_STYLE = Automatic;
				CURRENT_PROJECT_VERSION = 1;
				DEVELOPMENT_TEAM = X8GVMA9VD7;
				GENERATE_INFOPLIST_FILE = YES;
				INFOPLIST_FILE = Appenure/Info.plist;
				INFOPLIST_KEY_UIApplicationSupportsIndirectInputEvents = YES;
				INFOPLIST_KEY_UILaunchStoryboardName = LaunchScreen;
				INFOPLIST_KEY_UIMainStoryboardFile = Main;
				INFOPLIST_KEY_UISupportedInterfaceOrientations_iPad = "UIInterfaceOrientationPortrait UIInterfaceOrientationPortraitUpsideDown UIInterfaceOrientationLandscapeLeft UIInterfaceOrientationLandscapeRight";
				INFOPLIST_KEY_UISupportedInterfaceOrientations_iPhone = "UIInterfaceOrientationPortrait UIInterfaceOrientationLandscapeLeft UIInterfaceOrientationLandscapeRight";
				LD_RUNPATH_SEARCH_PATHS = (
					"$(inherited)",
					"@executable_path/Frameworks",
				);
				MARKETING_VERSION = 1.0;
				PRODUCT_BUNDLE_IDENTIFIER = com.Connectmeds.Appenure;
				PRODUCT_NAME = "$(TARGET_NAME)";
				SWIFT_EMIT_LOC_STRINGS = YES;
				SWIFT_OBJC_BRIDGING_HEADER = "Appenure/Appenure-Bridging-Header.h";
				SWIFT_OPTIMIZATION_LEVEL = "-Onone";
				SWIFT_VERSION = 5.0;
				TARGETED_DEVICE_FAMILY = "1,2";
			};
			name = Debug;
		};
		F8F3393C2CFB14CC00290551 /* Release */ = {
			isa = XCBuildConfiguration;
			buildSettings = {
				ASSETCATALOG_COMPILER_APPICON_NAME = AppIcon;
				ASSETCATALOG_COMPILER_GLOBAL_ACCENT_COLOR_NAME = AccentColor;
				CLANG_ENABLE_MODULES = YES;
				CODE_SIGN_STYLE = Automatic;
				CURRENT_PROJECT_VERSION = 1;
				DEVELOPMENT_TEAM = X8GVMA9VD7;
				GENERATE_INFOPLIST_FILE = YES;
				INFOPLIST_FILE = Appenure/Info.plist;
				INFOPLIST_KEY_UIApplicationSupportsIndirectInputEvents = YES;
				INFOPLIST_KEY_UILaunchStoryboardName = LaunchScreen;
				INFOPLIST_KEY_UIMainStoryboardFile = Main;
				INFOPLIST_KEY_UISupportedInterfaceOrientations_iPad = "UIInterfaceOrientationPortrait UIInterfaceOrientationPortraitUpsideDown UIInterfaceOrientationLandscapeLeft UIInterfaceOrientationLandscapeRight";
				INFOPLIST_KEY_UISupportedInterfaceOrientations_iPhone = "UIInterfaceOrientationPortrait UIInterfaceOrientationLandscapeLeft UIInterfaceOrientationLandscapeRight";
				LD_RUNPATH_SEARCH_PATHS = (
					"$(inherited)",
					"@executable_path/Frameworks",
				);
				MARKETING_VERSION = 1.0;
				PRODUCT_BUNDLE_IDENTIFIER = com.Connectmeds.Appenure;
				PRODUCT_NAME = "$(TARGET_NAME)";
				SWIFT_EMIT_LOC_STRINGS = YES;
				SWIFT_OBJC_BRIDGING_HEADER = "Appenure/Appenure-Bridging-Header.h";
				SWIFT_VERSION = 5.0;
				TARGETED_DEVICE_FAMILY = "1,2";
			};
			name = Release;
		};
		F8F3393E2CFB14CC00290551 /* Debug */ = {
			isa = XCBuildConfiguration;
			buildSettings = {
				ALWAYS_EMBED_SWIFT_STANDARD_LIBRARIES = YES;
				BUNDLE_LOADER = "$(TEST_HOST)";
				CODE_SIGN_STYLE = Automatic;
				CURRENT_PROJECT_VERSION = 1;
				DEVELOPMENT_TEAM = X8GVMA9VD7;
				GENERATE_INFOPLIST_FILE = YES;
				IPHONEOS_DEPLOYMENT_TARGET = 17.5;
				MARKETING_VERSION = 1.0;
				PRODUCT_BUNDLE_IDENTIFIER = com.Connectmeds.AppenureTests;
				PRODUCT_NAME = "$(TARGET_NAME)";
				SWIFT_EMIT_LOC_STRINGS = NO;
				TARGETED_DEVICE_FAMILY = "1,2";
				TEST_HOST = "$(BUILT_PRODUCTS_DIR)/Appenure.app/$(BUNDLE_EXECUTABLE_FOLDER_PATH)/Appenure";
			};
			name = Debug;
		};
		F8F3393F2CFB14CC00290551 /* Release */ = {
			isa = XCBuildConfiguration;
			buildSettings = {
				ALWAYS_EMBED_SWIFT_STANDARD_LIBRARIES = YES;
				BUNDLE_LOADER = "$(TEST_HOST)";
				CODE_SIGN_STYLE = Automatic;
				CURRENT_PROJECT_VERSION = 1;
				DEVELOPMENT_TEAM = X8GVMA9VD7;
				GENERATE_INFOPLIST_FILE = YES;
				IPHONEOS_DEPLOYMENT_TARGET = 17.5;
				MARKETING_VERSION = 1.0;
				PRODUCT_BUNDLE_IDENTIFIER = com.Connectmeds.AppenureTests;
				PRODUCT_NAME = "$(TARGET_NAME)";
				SWIFT_EMIT_LOC_STRINGS = NO;
				TARGETED_DEVICE_FAMILY = "1,2";
				TEST_HOST = "$(BUILT_PRODUCTS_DIR)/Appenure.app/$(BUNDLE_EXECUTABLE_FOLDER_PATH)/Appenure";
			};
			name = Release;
		};
		F8F339412CFB14CC00290551 /* Debug */ = {
			isa = XCBuildConfiguration;
			buildSettings = {
				ALWAYS_EMBED_SWIFT_STANDARD_LIBRARIES = YES;
				CODE_SIGN_STYLE = Automatic;
				CURRENT_PROJECT_VERSION = 1;
				DEVELOPMENT_TEAM = X8GVMA9VD7;
				GENERATE_INFOPLIST_FILE = YES;
				MARKETING_VERSION = 1.0;
				PRODUCT_BUNDLE_IDENTIFIER = com.Connectmeds.AppenureUITests;
				PRODUCT_NAME = "$(TARGET_NAME)";
				SWIFT_EMIT_LOC_STRINGS = NO;
				TARGETED_DEVICE_FAMILY = "1,2";
				TEST_TARGET_NAME = Appenure;
			};
			name = Debug;
		};
		F8F339422CFB14CC00290551 /* Release */ = {
			isa = XCBuildConfiguration;
			buildSettings = {
				ALWAYS_EMBED_SWIFT_STANDARD_LIBRARIES = YES;
				CODE_SIGN_STYLE = Automatic;
				CURRENT_PROJECT_VERSION = 1;
				DEVELOPMENT_TEAM = X8GVMA9VD7;
				GENERATE_INFOPLIST_FILE = YES;
				MARKETING_VERSION = 1.0;
				PRODUCT_BUNDLE_IDENTIFIER = com.Connectmeds.AppenureUITests;
				PRODUCT_NAME = "$(TARGET_NAME)";
				SWIFT_EMIT_LOC_STRINGS = NO;
				TARGETED_DEVICE_FAMILY = "1,2";
				TEST_TARGET_NAME = Appenure;
			};
			name = Release;
		};
/* End XCBuildConfiguration section */

/* Begin XCConfigurationList section */
		F8F339062CFB14CB00290551 /* Build configuration list for PBXProject "Appenure" */ = {
			isa = XCConfigurationList;
			buildConfigurations = (
				F8F339382CFB14CC00290551 /* Debug */,
				F8F339392CFB14CC00290551 /* Release */,
			);
			defaultConfigurationIsVisible = 0;
			defaultConfigurationName = Release;
		};
		F8F3393A2CFB14CC00290551 /* Build configuration list for PBXNativeTarget "Appenure" */ = {
			isa = XCConfigurationList;
			buildConfigurations = (
				F8F3393B2CFB14CC00290551 /* Debug */,
				F8F3393C2CFB14CC00290551 /* Release */,
			);
			defaultConfigurationIsVisible = 0;
			defaultConfigurationName = Release;
		};
		F8F3393D2CFB14CC00290551 /* Build configuration list for PBXNativeTarget "AppenureTests" */ = {
			isa = XCConfigurationList;
			buildConfigurations = (
				F8F3393E2CFB14CC00290551 /* Debug */,
				F8F3393F2CFB14CC00290551 /* Release */,
			);
			defaultConfigurationIsVisible = 0;
			defaultConfigurationName = Release;
		};
		F8F339402CFB14CC00290551 /* Build configuration list for PBXNativeTarget "AppenureUITests" */ = {
			isa = XCConfigurationList;
			buildConfigurations = (
				F8F339412CFB14CC00290551 /* Debug */,
				F8F339422CFB14CC00290551 /* Release */,
			);
			defaultConfigurationIsVisible = 0;
			defaultConfigurationName = Release;
		};
/* End XCConfigurationList section */
	};
	rootObject = F8F339032CFB14CB00290551 /* Project object */;
}
